
Microsoft Visual Studio Solution File, Format Version 12.00
# Visual Studio Version 16
VisualStudioVersion = 16.0.29102.190
MinimumVisualStudioVersion = 10.0.40219.1
Project("{FAE04EC0-301F-11D3-BF4B-00C04F79EFBC}") = "JobExample", "JobExample\JobExample.csproj", "{B077CE9F-29CD-4FB0-A984-490A30895CFF}"
EndProject
Global
	GlobalSection(SolutionConfigurationPlatforms) = preSolution
		Debug|Any CPU = Debug|Any CPU
		Release|Any CPU = Release|Any CPU
	EndGlobalSection
	GlobalSection(ProjectConfigurationPlatforms) = postSolution
		{B077CE9F-29CD-4FB0-A984-490A30895CFF}.Debug|Any CPU.ActiveCfg = Debug|Any CPU
		{B077CE9F-29CD-4FB0-A984-490A30895CFF}.Debug|Any CPU.Build.0 = Debug|Any CPU
		{B077CE9F-29CD-4FB0-A984-490A30895CFF}.Release|Any CPU.ActiveCfg = Release|Any CPU
		{B077CE9F-29CD-4FB0-A984-490A30895CFF}.Release|Any CPU.Build.0 = Release|Any CPU
	EndGlobalSection
	GlobalSection(SolutionProperties) = preSolution
		HideSolutionNode = FALSE
	EndGlobalSection
	GlobalSection(ExtensibilityGlobals) = postSolution
		SolutionGuid = {3EBA9923-5D43-4465-BAEF-C5879CC0441F}
	EndGlobalSection
EndGlobal
